
Microsoft Visual Studio Solution File, Format Version 12.00
# Visual Studio Version 16
VisualStudioVersion = 16.0.31205.134
MinimumVisualStudioVersion = 10.0.40219.1
Project("{9A19103F-16F7-4668-BE54-9A1E7A4F7556}") = "CocktailDbAPI", "CocktailDbAPI\CocktailDbAPI.csproj", "{6D3DC552-EA40-425D-9C9F-E9ADB82CA261}"
EndProject
Project("{9A19103F-16F7-4668-BE54-9A1E7A4F7556}") = "CocktailDbAPI.Tests", "CocktailDbAPt.Tests\CocktailDbAPI.Tests.csproj", "{3B3C2580-5020-4AE0-8690-DF938C30BD4C}"
EndProject
Global
	GlobalSection(SolutionConfigurationPlatforms) = preSolution
		Debug|Any CPU = Debug|Any CPU
		Release|Any CPU = Release|Any CPU
	EndGlobalSection
	GlobalSection(ProjectConfigurationPlatforms) = postSolution
		{6D3DC552-EA40-425D-9C9F-E9ADB82CA261}.Debug|Any CPU.ActiveCfg = Debug|Any CPU
		{6D3DC552-EA40-425D-9C9F-E9ADB82CA261}.Debug|Any CPU.Build.0 = Debug|Any CPU
		{6D3DC552-EA40-425D-9C9F-E9ADB82CA261}.Release|Any CPU.ActiveCfg = Release|Any CPU
		{6D3DC552-EA40-425D-9C9F-E9ADB82CA261}.Release|Any CPU.Build.0 = Release|Any CPU
		{3B3C2580-5020-4AE0-8690-DF938C30BD4C}.Debug|Any CPU.ActiveCfg = Debug|Any CPU
		{3B3C2580-5020-4AE0-8690-DF938C30BD4C}.Debug|Any CPU.Build.0 = Debug|Any CPU
		{3B3C2580-5020-4AE0-8690-DF938C30BD4C}.Release|Any CPU.ActiveCfg = Release|Any CPU
		{3B3C2580-5020-4AE0-8690-DF938C30BD4C}.Release|Any CPU.Build.0 = Release|Any CPU
	EndGlobalSection
	GlobalSection(SolutionProperties) = preSolution
		HideSolutionNode = FALSE
	EndGlobalSection
	GlobalSection(ExtensibilityGlobals) = postSolution
		SolutionGuid = {B8D6273C-954A-4416-9EA0-862A106A0CB5}
	EndGlobalSection
EndGlobal
